// !$*UTF8*$!
{
	archiveVersion = 1;
	classes = {
	};
	objectVersion = 50;
	objects = {

/* Begin PBXBuildFile section */
		6712AF6D2440F2360059714F /* AppDelegate.swift in Sources */ = {isa = PBXBuildFile; fileRef = 6712AF6C2440F2360059714F /* AppDelegate.swift */; };
		6712AF742440F2370059714F /* Main.storyboard in Resources */ = {isa = PBXBuildFile; fileRef = 6712AF722440F2370059714F /* Main.storyboard */; };
		6756C3AB244140C200CE9E8B /* CalendarUtilities.swift in Sources */ = {isa = PBXBuildFile; fileRef = 6756C3AA244140C200CE9E8B /* CalendarUtilities.swift */; };
		67BD0E4924E5DA580023D3D9 /* Assets.xcassets in Resources */ = {isa = PBXBuildFile; fileRef = 67BD0E4824E5DA580023D3D9 /* Assets.xcassets */; };
		67D9439E24E7131500147778 /* DataStore.swift in Sources */ = {isa = PBXBuildFile; fileRef = 67D9439D24E7131500147778 /* DataStore.swift */; };
		67D943BD24E7196100147778 /* AppDelegate.swift in Sources */ = {isa = PBXBuildFile; fileRef = 67D943BC24E7196100147778 /* AppDelegate.swift */; };
		67D943C424E7196200147778 /* Main.storyboard in Resources */ = {isa = PBXBuildFile; fileRef = 67D943C224E7196200147778 /* Main.storyboard */; };
		67D943CB24E71B3700147778 /* AutoLaunchManager.swift in Sources */ = {isa = PBXBuildFile; fileRef = 67D943CA24E71B3700147778 /* AutoLaunchManager.swift */; };
		67D943D024E71FB200147778 /* NextUpLaunchHelper.app in Copy Files */ = {isa = PBXBuildFile; fileRef = 67D943BA24E7196100147778 /* NextUpLaunchHelper.app */; settings = {ATTRIBUTES = (RemoveHeadersOnCopy, ); }; };
/* End PBXBuildFile section */

/* Begin PBXCopyFilesBuildPhase section */
		67D943CF24E71F8B00147778 /* Copy Files */ = {
			isa = PBXCopyFilesBuildPhase;
			buildActionMask = 2147483647;
			dstPath = Contents/Library/LoginItems;
			dstSubfolderSpec = 1;
			files = (
				67D943D024E71FB200147778 /* NextUpLaunchHelper.app in Copy Files */,
			);
			name = "Copy Files";
			runOnlyForDeploymentPostprocessing = 0;
		};
/* End PBXCopyFilesBuildPhase section */

/* Begin PBXFileReference section */
		6712AF692440F2360059714F /* Next Up.app */ = {isa = PBXFileReference; explicitFileType = wrapper.application; includeInIndex = 0; path = "Next Up.app"; sourceTree = BUILT_PRODUCTS_DIR; };
		6712AF6C2440F2360059714F /* AppDelegate.swift */ = {isa = PBXFileReference; lastKnownFileType = sourcecode.swift; path = AppDelegate.swift; sourceTree = "<group>"; };
		6712AF732440F2370059714F /* Base */ = {isa = PBXFileReference; lastKnownFileType = file.storyboard; name = Base; path = Base.lproj/Main.storyboard; sourceTree = "<group>"; };
		6712AF752440F2370059714F /* Info.plist */ = {isa = PBXFileReference; lastKnownFileType = text.plist.xml; path = Info.plist; sourceTree = "<group>"; };
		6712AF762440F2370059714F /* Next Up.entitlements */ = {isa = PBXFileReference; lastKnownFileType = text.plist.entitlements; path = "Next Up.entitlements"; sourceTree = "<group>"; };
		6756C3AA244140C200CE9E8B /* CalendarUtilities.swift */ = {isa = PBXFileReference; lastKnownFileType = sourcecode.swift; path = CalendarUtilities.swift; sourceTree = "<group>"; };
		67BD0E4824E5DA580023D3D9 /* Assets.xcassets */ = {isa = PBXFileReference; lastKnownFileType = folder.assetcatalog; path = Assets.xcassets; sourceTree = "<group>"; };
		67D9439D24E7131500147778 /* DataStore.swift */ = {isa = PBXFileReference; lastKnownFileType = sourcecode.swift; path = DataStore.swift; sourceTree = "<group>"; };
		67D943BA24E7196100147778 /* NextUpLaunchHelper.app */ = {isa = PBXFileReference; explicitFileType = wrapper.application; includeInIndex = 0; path = NextUpLaunchHelper.app; sourceTree = BUILT_PRODUCTS_DIR; };
		67D943BC24E7196100147778 /* AppDelegate.swift */ = {isa = PBXFileReference; lastKnownFileType = sourcecode.swift; path = AppDelegate.swift; sourceTree = "<group>"; };
		67D943C324E7196200147778 /* Base */ = {isa = PBXFileReference; lastKnownFileType = file.storyboard; name = Base; path = Base.lproj/Main.storyboard; sourceTree = "<group>"; };
		67D943C524E7196200147778 /* Info.plist */ = {isa = PBXFileReference; lastKnownFileType = text.plist.xml; path = Info.plist; sourceTree = "<group>"; };
		67D943C624E7196200147778 /* NextUpLaunchHelper.entitlements */ = {isa = PBXFileReference; lastKnownFileType = text.plist.entitlements; path = NextUpLaunchHelper.entitlements; sourceTree = "<group>"; };
		67D943CA24E71B3700147778 /* AutoLaunchManager.swift */ = {isa = PBXFileReference; lastKnownFileType = sourcecode.swift; path = AutoLaunchManager.swift; sourceTree = "<group>"; };
/* End PBXFileReference section */

/* Begin PBXFrameworksBuildPhase section */
		6712AF662440F2360059714F /* Frameworks */ = {
			isa = PBXFrameworksBuildPhase;
			buildActionMask = 2147483647;
			files = (
			);
			runOnlyForDeploymentPostprocessing = 0;
		};
		67D943B724E7196100147778 /* Frameworks */ = {
			isa = PBXFrameworksBuildPhase;
			buildActionMask = 2147483647;
			files = (
			);
			runOnlyForDeploymentPostprocessing = 0;
		};
/* End PBXFrameworksBuildPhase section */

/* Begin PBXGroup section */
		6712AF602440F2360059714F = {
			isa = PBXGroup;
			children = (
				6712AF6B2440F2360059714F /* Next Up */,
				67D943BB24E7196100147778 /* NextUpLaunchHelper */,
				6712AF6A2440F2360059714F /* Products */,
			);
			sourceTree = "<group>";
		};
		6712AF6A2440F2360059714F /* Products */ = {
			isa = PBXGroup;
			children = (
				6712AF692440F2360059714F /* Next Up.app */,
				67D943BA24E7196100147778 /* NextUpLaunchHelper.app */,
			);
			name = Products;
			sourceTree = "<group>";
		};
		6712AF6B2440F2360059714F /* Next Up */ = {
			isa = PBXGroup;
			children = (
				6712AF6C2440F2360059714F /* AppDelegate.swift */,
				6712AF722440F2370059714F /* Main.storyboard */,
				6712AF752440F2370059714F /* Info.plist */,
				6712AF762440F2370059714F /* Next Up.entitlements */,
				6756C3AA244140C200CE9E8B /* CalendarUtilities.swift */,
				67BD0E4824E5DA580023D3D9 /* Assets.xcassets */,
				67D9439D24E7131500147778 /* DataStore.swift */,
				67D943CA24E71B3700147778 /* AutoLaunchManager.swift */,
			);
			path = "Next Up";
			sourceTree = "<group>";
		};
		67D943BB24E7196100147778 /* NextUpLaunchHelper */ = {
			isa = PBXGroup;
			children = (
				67D943BC24E7196100147778 /* AppDelegate.swift */,
				67D943C224E7196200147778 /* Main.storyboard */,
				67D943C524E7196200147778 /* Info.plist */,
				67D943C624E7196200147778 /* NextUpLaunchHelper.entitlements */,
			);
			path = NextUpLaunchHelper;
			sourceTree = "<group>";
		};
/* End PBXGroup section */

/* Begin PBXNativeTarget section */
		6712AF682440F2360059714F /* Next Up */ = {
			isa = PBXNativeTarget;
			buildConfigurationList = 6712AF792440F2370059714F /* Build configuration list for PBXNativeTarget "Next Up" */;
			buildPhases = (
				6712AF652440F2360059714F /* Sources */,
				6712AF662440F2360059714F /* Frameworks */,
				6712AF672440F2360059714F /* Resources */,
				67D943CF24E71F8B00147778 /* Copy Files */,
			);
			buildRules = (
			);
			dependencies = (
			);
			name = "Next Up";
			productName = TextTransform;
			productReference = 6712AF692440F2360059714F /* Next Up.app */;
			productType = "com.apple.product-type.application";
		};
		67D943B924E7196100147778 /* NextUpLaunchHelper */ = {
			isa = PBXNativeTarget;
			buildConfigurationList = 67D943C724E7196200147778 /* Build configuration list for PBXNativeTarget "NextUpLaunchHelper" */;
			buildPhases = (
				67D943B624E7196100147778 /* Sources */,
				67D943B724E7196100147778 /* Frameworks */,
				67D943B824E7196100147778 /* Resources */,
			);
			buildRules = (
			);
			dependencies = (
			);
			name = NextUpLaunchHelper;
			productName = NextUpLaunchHelper;
			productReference = 67D943BA24E7196100147778 /* NextUpLaunchHelper.app */;
			productType = "com.apple.product-type.application";
		};
/* End PBXNativeTarget section */

/* Begin PBXProject section */
		6712AF612440F2360059714F /* Project object */ = {
			isa = PBXProject;
			attributes = {
				LastSwiftUpdateCheck = 1160;
				LastUpgradeCheck = 1160;
				ORGANIZATIONNAME = "Koen Vendrik";
				TargetAttributes = {
					6712AF682440F2360059714F = {
						CreatedOnToolsVersion = 11.4;
					};
					67D943B924E7196100147778 = {
						CreatedOnToolsVersion = 11.6;
					};
				};
			};
			buildConfigurationList = 6712AF642440F2360059714F /* Build configuration list for PBXProject "Next Up" */;
			compatibilityVersion = "Xcode 9.3";
			developmentRegion = en;
			hasScannedForEncodings = 0;
			knownRegions = (
				en,
				Base,
			);
			mainGroup = 6712AF602440F2360059714F;
			productRefGroup = 6712AF6A2440F2360059714F /* Products */;
			projectDirPath = "";
			projectRoot = "";
			targets = (
				6712AF682440F2360059714F /* Next Up */,
				67D943B924E7196100147778 /* NextUpLaunchHelper */,
			);
		};
/* End PBXProject section */

/* Begin PBXResourcesBuildPhase section */
		6712AF672440F2360059714F /* Resources */ = {
			isa = PBXResourcesBuildPhase;
			buildActionMask = 2147483647;
			files = (
				67BD0E4924E5DA580023D3D9 /* Assets.xcassets in Resources */,
				6712AF742440F2370059714F /* Main.storyboard in Resources */,
			);
			runOnlyForDeploymentPostprocessing = 0;
		};
		67D943B824E7196100147778 /* Resources */ = {
			isa = PBXResourcesBuildPhase;
			buildActionMask = 2147483647;
			files = (
				67D943C424E7196200147778 /* Main.storyboard in Resources */,
			);
			runOnlyForDeploymentPostprocessing = 0;
		};
/* End PBXResourcesBuildPhase section */

/* Begin PBXSourcesBuildPhase section */
		6712AF652440F2360059714F /* Sources */ = {
			isa = PBXSourcesBuildPhase;
			buildActionMask = 2147483647;
			files = (
				67D9439E24E7131500147778 /* DataStore.swift in Sources */,
				6756C3AB244140C200CE9E8B /* CalendarUtilities.swift in Sources */,
				6712AF6D2440F2360059714F /* AppDelegate.swift in Sources */,
				67D943CB24E71B3700147778 /* AutoLaunchManager.swift in Sources */,
			);
			runOnlyForDeploymentPostprocessing = 0;
		};
		67D943B624E7196100147778 /* Sources */ = {
			isa = PBXSourcesBuildPhase;
			buildActionMask = 2147483647;
			files = (
				67D943BD24E7196100147778 /* AppDelegate.swift in Sources */,
			);
			runOnlyForDeploymentPostprocessing = 0;
		};
/* End PBXSourcesBuildPhase section */

/* Begin PBXVariantGroup section */
		6712AF722440F2370059714F /* Main.storyboard */ = {
			isa = PBXVariantGroup;
			children = (
				6712AF732440F2370059714F /* Base */,
			);
			name = Main.storyboard;
			sourceTree = "<group>";
		};
		67D943C224E7196200147778 /* Main.storyboard */ = {
			isa = PBXVariantGroup;
			children = (
				67D943C324E7196200147778 /* Base */,
			);
			name = Main.storyboard;
			sourceTree = "<group>";
		};
/* End PBXVariantGroup section */

/* Begin XCBuildConfiguration section */
		6712AF772440F2370059714F /* Debug */ = {
			isa = XCBuildConfiguration;
			buildSettings = {
				ALWAYS_SEARCH_USER_PATHS = NO;
				CLANG_ANALYZER_NONNULL = YES;
				CLANG_ANALYZER_NUMBER_OBJECT_CONVERSION = YES_AGGRESSIVE;
				CLANG_CXX_LANGUAGE_STANDARD = "gnu++14";
				CLANG_CXX_LIBRARY = "libc++";
				CLANG_ENABLE_MODULES = YES;
				CLANG_ENABLE_OBJC_ARC = YES;
				CLANG_ENABLE_OBJC_WEAK = YES;
				CLANG_WARN_BLOCK_CAPTURE_AUTORELEASING = YES;
				CLANG_WARN_BOOL_CONVERSION = YES;
				CLANG_WARN_COMMA = YES;
				CLANG_WARN_CONSTANT_CONVERSION = YES;
				CLANG_WARN_DEPRECATED_OBJC_IMPLEMENTATIONS = YES;
				CLANG_WARN_DIRECT_OBJC_ISA_USAGE = YES_ERROR;
				CLANG_WARN_DOCUMENTATION_COMMENTS = YES;
				CLANG_WARN_EMPTY_BODY = YES;
				CLANG_WARN_ENUM_CONVERSION = YES;
				CLANG_WARN_INFINITE_RECURSION = YES;
				CLANG_WARN_INT_CONVERSION = YES;
				CLANG_WARN_NON_LITERAL_NULL_CONVERSION = YES;
				CLANG_WARN_OBJC_IMPLICIT_RETAIN_SELF = YES;
				CLANG_WARN_OBJC_LITERAL_CONVERSION = YES;
				CLANG_WARN_OBJC_ROOT_CLASS = YES_ERROR;
				CLANG_WARN_RANGE_LOOP_ANALYSIS = YES;
				CLANG_WARN_STRICT_PROTOTYPES = YES;
				CLANG_WARN_SUSPICIOUS_MOVE = YES;
				CLANG_WARN_UNGUARDED_AVAILABILITY = YES_AGGRESSIVE;
				CLANG_WARN_UNREACHABLE_CODE = YES;
				CLANG_WARN__DUPLICATE_METHOD_MATCH = YES;
				COPY_PHASE_STRIP = NO;
				DEBUG_INFORMATION_FORMAT = dwarf;
				ENABLE_STRICT_OBJC_MSGSEND = YES;
				ENABLE_TESTABILITY = YES;
				GCC_C_LANGUAGE_STANDARD = gnu11;
				GCC_DYNAMIC_NO_PIC = NO;
				GCC_NO_COMMON_BLOCKS = YES;
				GCC_OPTIMIZATION_LEVEL = 0;
				GCC_PREPROCESSOR_DEFINITIONS = (
					"DEBUG=1",
					"$(inherited)",
				);
				GCC_WARN_64_TO_32_BIT_CONVERSION = YES;
				GCC_WARN_ABOUT_RETURN_TYPE = YES_ERROR;
				GCC_WARN_UNDECLARED_SELECTOR = YES;
				GCC_WARN_UNINITIALIZED_AUTOS = YES_AGGRESSIVE;
				GCC_WARN_UNUSED_FUNCTION = YES;
				GCC_WARN_UNUSED_VARIABLE = YES;
				MACOSX_DEPLOYMENT_TARGET = 10.15;
				MTL_ENABLE_DEBUG_INFO = INCLUDE_SOURCE;
				MTL_FAST_MATH = YES;
				ONLY_ACTIVE_ARCH = YES;
				SDKROOT = macosx;
				SWIFT_ACTIVE_COMPILATION_CONDITIONS = DEBUG;
				SWIFT_OPTIMIZATION_LEVEL = "-Onone";
			};
			name = Debug;
		};
		6712AF782440F2370059714F /* Release */ = {
			isa = XCBuildConfiguration;
			buildSettings = {
				ALWAYS_SEARCH_USER_PATHS = NO;
				CLANG_ANALYZER_NONNULL = YES;
				CLANG_ANALYZER_NUMBER_OBJECT_CONVERSION = YES_AGGRESSIVE;
				CLANG_CXX_LANGUAGE_STANDARD = "gnu++14";
				CLANG_CXX_LIBRARY = "libc++";
				CLANG_ENABLE_MODULES = YES;
				CLANG_ENABLE_OBJC_ARC = YES;
				CLANG_ENABLE_OBJC_WEAK = YES;
				CLANG_WARN_BLOCK_CAPTURE_AUTORELEASING = YES;
				CLANG_WARN_BOOL_CONVERSION = YES;
				CLANG_WARN_COMMA = YES;
				CLANG_WARN_CONSTANT_CONVERSION = YES;
				CLANG_WARN_DEPRECATED_OBJC_IMPLEMENTATIONS = YES;
				CLANG_WARN_DIRECT_OBJC_ISA_USAGE = YES_ERROR;
				CLANG_WARN_DOCUMENTATION_COMMENTS = YES;
				CLANG_WARN_EMPTY_BODY = YES;
				CLANG_WARN_ENUM_CONVERSION = YES;
				CLANG_WARN_INFINITE_RECURSION = YES;
				CLANG_WARN_INT_CONVERSION = YES;
				CLANG_WARN_NON_LITERAL_NULL_CONVERSION = YES;
				CLANG_WARN_OBJC_IMPLICIT_RETAIN_SELF = YES;
				CLANG_WARN_OBJC_LITERAL_CONVERSION = YES;
				CLANG_WARN_OBJC_ROOT_CLASS = YES_ERROR;
				CLANG_WARN_RANGE_LOOP_ANALYSIS = YES;
				CLANG_WARN_STRICT_PROTOTYPES = YES;
				CLANG_WARN_SUSPICIOUS_MOVE = YES;
				CLANG_WARN_UNGUARDED_AVAILABILITY = YES_AGGRESSIVE;
				CLANG_WARN_UNREACHABLE_CODE = YES;
				CLANG_WARN__DUPLICATE_METHOD_MATCH = YES;
				COPY_PHASE_STRIP = NO;
				DEBUG_INFORMATION_FORMAT = "dwarf-with-dsym";
				ENABLE_NS_ASSERTIONS = NO;
				ENABLE_STRICT_OBJC_MSGSEND = YES;
				GCC_C_LANGUAGE_STANDARD = gnu11;
				GCC_NO_COMMON_BLOCKS = YES;
				GCC_WARN_64_TO_32_BIT_CONVERSION = YES;
				GCC_WARN_ABOUT_RETURN_TYPE = YES_ERROR;
				GCC_WARN_UNDECLARED_SELECTOR = YES;
				GCC_WARN_UNINITIALIZED_AUTOS = YES_AGGRESSIVE;
				GCC_WARN_UNUSED_FUNCTION = YES;
				GCC_WARN_UNUSED_VARIABLE = YES;
				MACOSX_DEPLOYMENT_TARGET = 10.15;
				MTL_ENABLE_DEBUG_INFO = NO;
				MTL_FAST_MATH = YES;
				SDKROOT = macosx;
				SWIFT_COMPILATION_MODE = wholemodule;
				SWIFT_OPTIMIZATION_LEVEL = "-O";
			};
			name = Release;
		};
		6712AF7A2440F2370059714F /* Debug */ = {
			isa = XCBuildConfiguration;
			buildSettings = {
				ASSETCATALOG_COMPILER_APPICON_NAME = AppIcon;
				CODE_SIGN_ENTITLEMENTS = "Next Up/Next Up.entitlements";
				CODE_SIGN_IDENTITY = "-";
				CODE_SIGN_STYLE = Automatic;
				COMBINE_HIDPI_IMAGES = YES;
				INFOPLIST_FILE = "Next Up/Info.plist";
				LD_RUNPATH_SEARCH_PATHS = (
					"$(inherited)",
					"@executable_path/../Frameworks",
				);
				MARKETING_VERSION = "1.0.0-alpha";
				PRODUCT_BUNDLE_IDENTIFIER = com.kvendrik.NextUp;
				PRODUCT_NAME = "$(TARGET_NAME)";
				SWIFT_VERSION = 5.0;
			};
			name = Debug;
		};
		6712AF7B2440F2370059714F /* Release */ = {
			isa = XCBuildConfiguration;
			buildSettings = {
				ASSETCATALOG_COMPILER_APPICON_NAME = AppIcon;
				CODE_SIGN_ENTITLEMENTS = "Next Up/Next Up.entitlements";
				CODE_SIGN_IDENTITY = "-";
				CODE_SIGN_STYLE = Automatic;
				COMBINE_HIDPI_IMAGES = YES;
				INFOPLIST_FILE = "Next Up/Info.plist";
				LD_RUNPATH_SEARCH_PATHS = (
					"$(inherited)",
					"@executable_path/../Frameworks",
				);
				MARKETING_VERSION = "1.0.0-alpha";
				PRODUCT_BUNDLE_IDENTIFIER = com.kvendrik.NextUp;
				PRODUCT_NAME = "$(TARGET_NAME)";
				SWIFT_VERSION = 5.0;
			};
			name = Release;
		};
		67D943C824E7196200147778 /* Debug */ = {
			isa = XCBuildConfiguration;
			buildSettings = {
				ASSETCATALOG_COMPILER_APPICON_NAME = AppIcon;
				CODE_SIGN_ENTITLEMENTS = NextUpLaunchHelper/NextUpLaunchHelper.entitlements;
				CODE_SIGN_STYLE = Automatic;
				COMBINE_HIDPI_IMAGES = YES;
				INFOPLIST_FILE = NextUpLaunchHelper/Info.plist;
				LD_RUNPATH_SEARCH_PATHS = (
					"$(inherited)",
					"@executable_path/../Frameworks",
				);
				PRODUCT_BUNDLE_IDENTIFIER = com.kvendrik.NextUpLaunchHelper;
				PRODUCT_NAME = "$(TARGET_NAME)";
				SKIP_INSTALL = YES;
				SWIFT_VERSION = 5.0;
			};
			name = Debug;
		};
		67D943C924E7196200147778 /* Release */ = {
			isa = XCBuildConfiguration;
			buildSettings = {
				ASSETCATALOG_COMPILER_APPICON_NAME = AppIcon;
				CODE_SIGN_ENTITLEMENTS = NextUpLaunchHelper/NextUpLaunchHelper.entitlements;
				CODE_SIGN_STYLE = Automatic;
				COMBINE_HIDPI_IMAGES = YES;
				INFOPLIST_FILE = NextUpLaunchHelper/Info.plist;
				LD_RUNPATH_SEARCH_PATHS = (
					"$(inherited)",
					"@executable_path/../Frameworks",
				);
				PRODUCT_BUNDLE_IDENTIFIER = com.kvendrik.NextUpLaunchHelper;
				PRODUCT_NAME = "$(TARGET_NAME)";
				SKIP_INSTALL = YES;
				SWIFT_VERSION = 5.0;
			};
			name = Release;
		};
/* End XCBuildConfiguration section */

/* Begin XCConfigurationList section */
		6712AF642440F2360059714F /* Build configuration list for PBXProject "Next Up" */ = {
			isa = XCConfigurationList;
			buildConfigurations = (
				6712AF772440F2370059714F /* Debug */,
				6712AF782440F2370059714F /* Release */,
			);
			defaultConfigurationIsVisible = 0;
			defaultConfigurationName = Release;
		};
		6712AF792440F2370059714F /* Build configuration list for PBXNativeTarget "Next Up" */ = {
			isa = XCConfigurationList;
			buildConfigurations = (
				6712AF7A2440F2370059714F /* Debug */,
				6712AF7B2440F2370059714F /* Release */,
			);
			defaultConfigurationIsVisible = 0;
			defaultConfigurationName = Release;
		};
		67D943C724E7196200147778 /* Build configuration list for PBXNativeTarget "NextUpLaunchHelper" */ = {
			isa = XCConfigurationList;
			buildConfigurations = (
				67D943C824E7196200147778 /* Debug */,
				67D943C924E7196200147778 /* Release */,
			);
			defaultConfigurationIsVisible = 0;
			defaultConfigurationName = Release;
		};
/* End XCConfigurationList section */
	};
	rootObject = 6712AF612440F2360059714F /* Project object */;
}
